
Microsoft Visual Studio Solution File, Format Version 12.00
# Visual Studio Version 16
VisualStudioVersion = 16.0.29230.47
MinimumVisualStudioVersion = 10.0.40219.1
Project("{FAE04EC0-301F-11D3-BF4B-00C04F79EFBC}") = "WebApiAspNetCoreMongoDb", "WebApiAspNetCoreMongoDb\WebApiAspNetCoreMongoDb.csproj", "{1CB47E47-D670-4A10-BA88-540D6EBFDBDC}"
EndProject
Global
	GlobalSection(SolutionConfigurationPlatforms) = preSolution
		Debug|Any CPU = Debug|Any CPU
		Release|Any CPU = Release|Any CPU
	EndGlobalSection
	GlobalSection(ProjectConfigurationPlatforms) = postSolution
		{1CB47E47-D670-4A10-BA88-540D6EBFDBDC}.Debug|Any CPU.ActiveCfg = Debug|Any CPU
		{1CB47E47-D670-4A10-BA88-540D6EBFDBDC}.Debug|Any CPU.Build.0 = Debug|Any CPU
		{1CB47E47-D670-4A10-BA88-540D6EBFDBDC}.Release|Any CPU.ActiveCfg = Release|Any CPU
		{1CB47E47-D670-4A10-BA88-540D6EBFDBDC}.Release|Any CPU.Build.0 = Release|Any CPU
	EndGlobalSection
	GlobalSection(SolutionProperties) = preSolution
		HideSolutionNode = FALSE
	EndGlobalSection
	GlobalSection(ExtensibilityGlobals) = postSolution
		SolutionGuid = {1EE4BC2A-06E5-4B53-BFB5-F6A920F8D5C0}
	EndGlobalSection
EndGlobal
